// !$*UTF8*$!
{
	archiveVersion = 1;
	classes = {
	};
	objectVersion = 50;
	objects = {

/* Begin PBXBuildFile section */
		0C761402252F1D495B83A6E2 /* Pods_clapTests.framework in Frameworks */ = {isa = PBXBuildFile; fileRef = 851A3760A22D9BC473BAB1BB /* Pods_clapTests.framework */; };
		78E1C79064E17E1EDF597CC0 /* Pods_clapUITests.framework in Frameworks */ = {isa = PBXBuildFile; fileRef = C0366C950F8733F1171BF265 /* Pods_clapUITests.framework */; };
		87410ECAF50C11D51448E1AD /* Pods_clap.framework in Frameworks */ = {isa = PBXBuildFile; fileRef = DFCB4A2A527B40ADB768C150 /* Pods_clap.framework */; };
		BE019DBC215F673E0019A38E /* planController.swift in Sources */ = {isa = PBXBuildFile; fileRef = BE019DBB215F673E0019A38E /* planController.swift */; };
		BE019DC4216268970019A38E /* eventChoiceViewController.swift in Sources */ = {isa = PBXBuildFile; fileRef = BE019DC3216268970019A38E /* eventChoiceViewController.swift */; };
		BE22618D215DFC27006C777F /* XibView.xib in Resources */ = {isa = PBXBuildFile; fileRef = BE22618C215DFC26006C777F /* XibView.xib */; };
		BE22618F215DFCFD006C777F /* XibView.swift in Sources */ = {isa = PBXBuildFile; fileRef = BE22618E215DFCFD006C777F /* XibView.swift */; };
		BE226194215E108D006C777F /* timelineViewController.swift in Sources */ = {isa = PBXBuildFile; fileRef = BE226192215E108D006C777F /* timelineViewController.swift */; };
		BE226195215E108D006C777F /* timelineViewController.xib in Resources */ = {isa = PBXBuildFile; fileRef = BE226193215E108D006C777F /* timelineViewController.xib */; };
		BE3C84AA212BF7AB0053EFE2 /* AppDelegate.swift in Sources */ = {isa = PBXBuildFile; fileRef = BE3C84A9212BF7AB0053EFE2 /* AppDelegate.swift */; };
		BE3C84AC212BF7AB0053EFE2 /* ViewController.swift in Sources */ = {isa = PBXBuildFile; fileRef = BE3C84AB212BF7AB0053EFE2 /* ViewController.swift */; };
		BE3C84AF212BF7AB0053EFE2 /* Main.storyboard in Resources */ = {isa = PBXBuildFile; fileRef = BE3C84AD212BF7AB0053EFE2 /* Main.storyboard */; };
		BE3C84B1212BF7AD0053EFE2 /* Assets.xcassets in Resources */ = {isa = PBXBuildFile; fileRef = BE3C84B0212BF7AD0053EFE2 /* Assets.xcassets */; };
		BE3C84B4212BF7AD0053EFE2 /* LaunchScreen.storyboard in Resources */ = {isa = PBXBuildFile; fileRef = BE3C84B2212BF7AD0053EFE2 /* LaunchScreen.storyboard */; };
		BE3C84BF212BF7AD0053EFE2 /* clapTests.swift in Sources */ = {isa = PBXBuildFile; fileRef = BE3C84BE212BF7AD0053EFE2 /* clapTests.swift */; };
		BE3C84CA212BF7AD0053EFE2 /* clapUITests.swift in Sources */ = {isa = PBXBuildFile; fileRef = BE3C84C9212BF7AD0053EFE2 /* clapUITests.swift */; };
		BEF298A1213F092A00E75472 /* chatViewController.swift in Sources */ = {isa = PBXBuildFile; fileRef = BEF298A0213F092A00E75472 /* chatViewController.swift */; };
		C9064892213393340025AD44 /* teamInfoRegisterViewController.swift in Sources */ = {isa = PBXBuildFile; fileRef = C9064891213393340025AD44 /* teamInfoRegisterViewController.swift */; };
		C90648942133C6B80025AD44 /* userInfoRegisterViewController.swift in Sources */ = {isa = PBXBuildFile; fileRef = C90648932133C6B80025AD44 /* userInfoRegisterViewController.swift */; };
		C90648962133E2B20025AD44 /* teamIdGenerateViewController.swift in Sources */ = {isa = PBXBuildFile; fileRef = C90648952133E2B20025AD44 /* teamIdGenerateViewController.swift */; };
		C90648982133F1EA0025AD44 /* scheduleViewController.swift in Sources */ = {isa = PBXBuildFile; fileRef = C90648972133F1EA0025AD44 /* scheduleViewController.swift */; };
		C9104A4C216934AE00FDED0E /* diaryEditViewController.swift in Sources */ = {isa = PBXBuildFile; fileRef = C9104A4B216934AE00FDED0E /* diaryEditViewController.swift */; };
		C9104A4E216934EC00FDED0E /* diaryFromTimelineViewController.swift in Sources */ = {isa = PBXBuildFile; fileRef = C9104A4D216934EC00FDED0E /* diaryFromTimelineViewController.swift */; };
		C9104A502169352000FDED0E /* diarySubmitViewController.swift in Sources */ = {isa = PBXBuildFile; fileRef = C9104A4F2169352000FDED0E /* diarySubmitViewController.swift */; };
		C9162C9121367F3800370F34 /* managerUpdateViewController.swift in Sources */ = {isa = PBXBuildFile; fileRef = C9162C9021367F3800370F34 /* managerUpdateViewController.swift */; };
		C9169697214CDE85002EECEF /* teamReplesentRegisterViewController.swift in Sources */ = {isa = PBXBuildFile; fileRef = C9169696214CDE85002EECEF /* teamReplesentRegisterViewController.swift */; };
		C9169699214D229B002EECEF /* teamIdConfirmAgainViewController.swift in Sources */ = {isa = PBXBuildFile; fileRef = C9169698214D229A002EECEF /* teamIdConfirmAgainViewController.swift */; };
		C916969B214D22F6002EECEF /* teamIdConfirmWrongViewController.swift in Sources */ = {isa = PBXBuildFile; fileRef = C916969A214D22F6002EECEF /* teamIdConfirmWrongViewController.swift */; };
		C923A41E2130D7E80007D784 /* GoogleService-Info.plist in Resources */ = {isa = PBXBuildFile; fileRef = C923A41D2130D7E70007D784 /* GoogleService-Info.plist */; };
		C923A4202130D86A0007D784 /* GoogleService-Info.plist in Resources */ = {isa = PBXBuildFile; fileRef = C923A41D2130D7E70007D784 /* GoogleService-Info.plist */; };
		C923A4212130D86A0007D784 /* GoogleService-Info.plist in Resources */ = {isa = PBXBuildFile; fileRef = C923A41D2130D7E70007D784 /* GoogleService-Info.plist */; };
		C923A4232130F23D0007D784 /* LoginViewController.swift in Sources */ = {isa = PBXBuildFile; fileRef = C923A4222130F23D0007D784 /* LoginViewController.swift */; };
		C9338E91215BE1C40008D2B5 /* profileEditViewController.swift in Sources */ = {isa = PBXBuildFile; fileRef = C9338E90215BE1C40008D2B5 /* profileEditViewController.swift */; };
		C9344D282130CFFD004931F1 /* Info.plist in Resources */ = {isa = PBXBuildFile; fileRef = BE3C84CB212BF7AD0053EFE2 /* Info.plist */; };
		C93D865A2130808D00EDB3F2 /* registerViewController.swift in Sources */ = {isa = PBXBuildFile; fileRef = C93D86592130808D00EDB3F2 /* registerViewController.swift */; };
		C96247462139D5C000BC7C69 /* mainPageViewController.swift in Sources */ = {isa = PBXBuildFile; fileRef = C96247452139D5C000BC7C69 /* mainPageViewController.swift */; };
		C962474B213B895C00BC7C69 /* userResetPassViewController.swift in Sources */ = {isa = PBXBuildFile; fileRef = C962474A213B895C00BC7C69 /* userResetPassViewController.swift */; };
		C962474D213B9D1D00BC7C69 /* topSelectPageViewController.swift in Sources */ = {isa = PBXBuildFile; fileRef = C962474C213B9D1D00BC7C69 /* topSelectPageViewController.swift */; };
		C962474F213D36AA00BC7C69 /* memberEvaluationViewController.swift in Sources */ = {isa = PBXBuildFile; fileRef = C962474E213D36AA00BC7C69 /* memberEvaluationViewController.swift */; };
		C9624751213D383A00BC7C69 /* chatPageViewController.swift in Sources */ = {isa = PBXBuildFile; fileRef = C9624750213D383A00BC7C69 /* chatPageViewController.swift */; };
		C963CD5E217640670081C9F5 /* testScrollViewController.swift in Sources */ = {isa = PBXBuildFile; fileRef = C963CD5D217640670081C9F5 /* testScrollViewController.swift */; };
		C963CD602177246F0081C9F5 /* testSectionViewController.swift in Sources */ = {isa = PBXBuildFile; fileRef = C963CD5F2177246D0081C9F5 /* testSectionViewController.swift */; };
		C9708B472143DDCD0013FD4C /* teamIdConfirmationViewController.swift in Sources */ = {isa = PBXBuildFile; fileRef = C9708B462143DDCD0013FD4C /* teamIdConfirmationViewController.swift */; };
		C99C78E8217047B500B70293 /* commentTableViewCell.swift in Sources */ = {isa = PBXBuildFile; fileRef = C99C78E6217047B500B70293 /* commentTableViewCell.swift */; };
		C99C78E9217047B500B70293 /* commentTableViewCell.xib in Resources */ = {isa = PBXBuildFile; fileRef = C99C78E7217047B500B70293 /* commentTableViewCell.xib */; };
		C99C78ED2172B16100B70293 /* commentReplyViewController.swift in Sources */ = {isa = PBXBuildFile; fileRef = C99C78EC2172B16100B70293 /* commentReplyViewController.swift */; };
		C99DE78D2150E3D4002EBF89 /* myPageViewController.swift in Sources */ = {isa = PBXBuildFile; fileRef = C99DE78C2150E3D4002EBF89 /* myPageViewController.swift */; };
		C9B9438A21731E8D00A3B43A /* replyTableViewCell.swift in Sources */ = {isa = PBXBuildFile; fileRef = C9B9438821731E8D00A3B43A /* replyTableViewCell.swift */; };
		C9B9438B21731E8D00A3B43A /* replyTableViewCell.xib in Resources */ = {isa = PBXBuildFile; fileRef = C9B9438921731E8D00A3B43A /* replyTableViewCell.xib */; };
		C9CA480D21632C0B00D9C142 /* userTableViewCell.swift in Sources */ = {isa = PBXBuildFile; fileRef = C9CA480B21632C0B00D9C142 /* userTableViewCell.swift */; };
		C9CA480E21632C0B00D9C142 /* userTableViewCell.xib in Resources */ = {isa = PBXBuildFile; fileRef = C9CA480C21632C0B00D9C142 /* userTableViewCell.xib */; };
		C9CA481A21635F2200D9C142 /* addDiaryViewController.swift in Sources */ = {isa = PBXBuildFile; fileRef = C9CA481921635F2200D9C142 /* addDiaryViewController.swift */; };
/* End PBXBuildFile section */

/* Begin PBXContainerItemProxy section */
		BE3C84BB212BF7AD0053EFE2 /* PBXContainerItemProxy */ = {
			isa = PBXContainerItemProxy;
			containerPortal = BE3C849E212BF7AB0053EFE2 /* Project object */;
			proxyType = 1;
			remoteGlobalIDString = BE3C84A5212BF7AB0053EFE2;
			remoteInfo = clap;
		};
		BE3C84C6212BF7AD0053EFE2 /* PBXContainerItemProxy */ = {
			isa = PBXContainerItemProxy;
			containerPortal = BE3C849E212BF7AB0053EFE2 /* Project object */;
			proxyType = 1;
			remoteGlobalIDString = BE3C84A5212BF7AB0053EFE2;
			remoteInfo = clap;
		};
/* End PBXContainerItemProxy section */

/* Begin PBXFileReference section */
		150EC304AADB849A4BDD2707 /* Pods-clapTests.release.xcconfig */ = {isa = PBXFileReference; includeInIndex = 1; lastKnownFileType = text.xcconfig; name = "Pods-clapTests.release.xcconfig"; path = "Pods/Target Support Files/Pods-clapTests/Pods-clapTests.release.xcconfig"; sourceTree = "<group>"; };
		488B77CBA5887A4C0F21724C /* Pods-clap.debug.xcconfig */ = {isa = PBXFileReference; includeInIndex = 1; lastKnownFileType = text.xcconfig; name = "Pods-clap.debug.xcconfig"; path = "Pods/Target Support Files/Pods-clap/Pods-clap.debug.xcconfig"; sourceTree = "<group>"; };
		5F5DFD11CB932792EC656179 /* Pods-clapTests.debug.xcconfig */ = {isa = PBXFileReference; includeInIndex = 1; lastKnownFileType = text.xcconfig; name = "Pods-clapTests.debug.xcconfig"; path = "Pods/Target Support Files/Pods-clapTests/Pods-clapTests.debug.xcconfig"; sourceTree = "<group>"; };
		6DD31260E88B3A066701C588 /* Pods-clap.release.xcconfig */ = {isa = PBXFileReference; includeInIndex = 1; lastKnownFileType = text.xcconfig; name = "Pods-clap.release.xcconfig"; path = "Pods/Target Support Files/Pods-clap/Pods-clap.release.xcconfig"; sourceTree = "<group>"; };
		851A3760A22D9BC473BAB1BB /* Pods_clapTests.framework */ = {isa = PBXFileReference; explicitFileType = wrapper.framework; includeInIndex = 0; path = Pods_clapTests.framework; sourceTree = BUILT_PRODUCTS_DIR; };
		98B9F1F6B148D7B56B0484D9 /* Pods-clapUITests.release.xcconfig */ = {isa = PBXFileReference; includeInIndex = 1; lastKnownFileType = text.xcconfig; name = "Pods-clapUITests.release.xcconfig"; path = "Pods/Target Support Files/Pods-clapUITests/Pods-clapUITests.release.xcconfig"; sourceTree = "<group>"; };
		BE019DBB215F673E0019A38E /* planController.swift */ = {isa = PBXFileReference; lastKnownFileType = sourcecode.swift; path = planController.swift; sourceTree = "<group>"; };
		BE019DC3216268970019A38E /* eventChoiceViewController.swift */ = {isa = PBXFileReference; fileEncoding = 4; lastKnownFileType = sourcecode.swift; path = eventChoiceViewController.swift; sourceTree = "<group>"; };
		BE22618C215DFC26006C777F /* XibView.xib */ = {isa = PBXFileReference; lastKnownFileType = file.xib; path = XibView.xib; sourceTree = "<group>"; };
		BE22618E215DFCFD006C777F /* XibView.swift */ = {isa = PBXFileReference; lastKnownFileType = sourcecode.swift; path = XibView.swift; sourceTree = "<group>"; };
		BE226192215E108D006C777F /* timelineViewController.swift */ = {isa = PBXFileReference; fileEncoding = 4; lastKnownFileType = sourcecode.swift; path = timelineViewController.swift; sourceTree = "<group>"; };
		BE226193215E108D006C777F /* timelineViewController.xib */ = {isa = PBXFileReference; fileEncoding = 4; lastKnownFileType = file.xib; path = timelineViewController.xib; sourceTree = "<group>"; };
		BE3C84A6212BF7AB0053EFE2 /* clap.app */ = {isa = PBXFileReference; explicitFileType = wrapper.application; includeInIndex = 0; path = clap.app; sourceTree = BUILT_PRODUCTS_DIR; };
		BE3C84A9212BF7AB0053EFE2 /* AppDelegate.swift */ = {isa = PBXFileReference; lastKnownFileType = sourcecode.swift; path = AppDelegate.swift; sourceTree = "<group>"; };
		BE3C84AB212BF7AB0053EFE2 /* ViewController.swift */ = {isa = PBXFileReference; lastKnownFileType = sourcecode.swift; path = ViewController.swift; sourceTree = "<group>"; };
		BE3C84AE212BF7AB0053EFE2 /* Base */ = {isa = PBXFileReference; lastKnownFileType = file.storyboard; name = Base; path = Base.lproj/Main.storyboard; sourceTree = "<group>"; };
		BE3C84B0212BF7AD0053EFE2 /* Assets.xcassets */ = {isa = PBXFileReference; lastKnownFileType = folder.assetcatalog; path = Assets.xcassets; sourceTree = "<group>"; };
		BE3C84B3212BF7AD0053EFE2 /* Base */ = {isa = PBXFileReference; lastKnownFileType = file.storyboard; name = Base; path = Base.lproj/LaunchScreen.storyboard; sourceTree = "<group>"; };
		BE3C84B5212BF7AD0053EFE2 /* Info.plist */ = {isa = PBXFileReference; lastKnownFileType = text.plist.xml; path = Info.plist; sourceTree = "<group>"; };
		BE3C84BA212BF7AD0053EFE2 /* clapTests.xctest */ = {isa = PBXFileReference; explicitFileType = wrapper.cfbundle; includeInIndex = 0; path = clapTests.xctest; sourceTree = BUILT_PRODUCTS_DIR; };
		BE3C84BE212BF7AD0053EFE2 /* clapTests.swift */ = {isa = PBXFileReference; lastKnownFileType = sourcecode.swift; path = clapTests.swift; sourceTree = "<group>"; };
		BE3C84C0212BF7AD0053EFE2 /* Info.plist */ = {isa = PBXFileReference; lastKnownFileType = text.plist.xml; path = Info.plist; sourceTree = "<group>"; };
		BE3C84C5212BF7AD0053EFE2 /* clapUITests.xctest */ = {isa = PBXFileReference; explicitFileType = wrapper.cfbundle; includeInIndex = 0; path = clapUITests.xctest; sourceTree = BUILT_PRODUCTS_DIR; };
		BE3C84C9212BF7AD0053EFE2 /* clapUITests.swift */ = {isa = PBXFileReference; lastKnownFileType = sourcecode.swift; path = clapUITests.swift; sourceTree = "<group>"; };
		BE3C84CB212BF7AD0053EFE2 /* Info.plist */ = {isa = PBXFileReference; lastKnownFileType = text.plist.xml; path = Info.plist; sourceTree = "<group>"; };
		BEF298A0213F092A00E75472 /* chatViewController.swift */ = {isa = PBXFileReference; fileEncoding = 4; lastKnownFileType = sourcecode.swift; path = chatViewController.swift; sourceTree = "<group>"; };
		C0366C950F8733F1171BF265 /* Pods_clapUITests.framework */ = {isa = PBXFileReference; explicitFileType = wrapper.framework; includeInIndex = 0; path = Pods_clapUITests.framework; sourceTree = BUILT_PRODUCTS_DIR; };
		C9064891213393340025AD44 /* teamInfoRegisterViewController.swift */ = {isa = PBXFileReference; lastKnownFileType = sourcecode.swift; path = teamInfoRegisterViewController.swift; sourceTree = "<group>"; };
		C90648932133C6B80025AD44 /* userInfoRegisterViewController.swift */ = {isa = PBXFileReference; lastKnownFileType = sourcecode.swift; path = userInfoRegisterViewController.swift; sourceTree = "<group>"; };
		C90648952133E2B20025AD44 /* teamIdGenerateViewController.swift */ = {isa = PBXFileReference; lastKnownFileType = sourcecode.swift; path = teamIdGenerateViewController.swift; sourceTree = "<group>"; };
		C90648972133F1EA0025AD44 /* scheduleViewController.swift */ = {isa = PBXFileReference; lastKnownFileType = sourcecode.swift; path = scheduleViewController.swift; sourceTree = "<group>"; tabWidth = 3; };
		C9104A4B216934AE00FDED0E /* diaryEditViewController.swift */ = {isa = PBXFileReference; lastKnownFileType = sourcecode.swift; path = diaryEditViewController.swift; sourceTree = "<group>"; };
		C9104A4D216934EC00FDED0E /* diaryFromTimelineViewController.swift */ = {isa = PBXFileReference; lastKnownFileType = sourcecode.swift; path = diaryFromTimelineViewController.swift; sourceTree = "<group>"; };
		C9104A4F2169352000FDED0E /* diarySubmitViewController.swift */ = {isa = PBXFileReference; lastKnownFileType = sourcecode.swift; path = diarySubmitViewController.swift; sourceTree = "<group>"; };
		C9162C9021367F3800370F34 /* managerUpdateViewController.swift */ = {isa = PBXFileReference; lastKnownFileType = sourcecode.swift; path = managerUpdateViewController.swift; sourceTree = "<group>"; };
		C9169696214CDE85002EECEF /* teamReplesentRegisterViewController.swift */ = {isa = PBXFileReference; lastKnownFileType = sourcecode.swift; path = teamReplesentRegisterViewController.swift; sourceTree = "<group>"; };
		C9169698214D229A002EECEF /* teamIdConfirmAgainViewController.swift */ = {isa = PBXFileReference; lastKnownFileType = sourcecode.swift; path = teamIdConfirmAgainViewController.swift; sourceTree = "<group>"; };
		C916969A214D22F6002EECEF /* teamIdConfirmWrongViewController.swift */ = {isa = PBXFileReference; lastKnownFileType = sourcecode.swift; path = teamIdConfirmWrongViewController.swift; sourceTree = "<group>"; };
		C923A41D2130D7E70007D784 /* GoogleService-Info.plist */ = {isa = PBXFileReference; fileEncoding = 4; lastKnownFileType = text.plist.xml; path = "GoogleService-Info.plist"; sourceTree = "<group>"; };
		C923A4222130F23D0007D784 /* LoginViewController.swift */ = {isa = PBXFileReference; lastKnownFileType = sourcecode.swift; path = LoginViewController.swift; sourceTree = "<group>"; };
		C9338E90215BE1C40008D2B5 /* profileEditViewController.swift */ = {isa = PBXFileReference; lastKnownFileType = sourcecode.swift; path = profileEditViewController.swift; sourceTree = "<group>"; };
		C93D86592130808D00EDB3F2 /* registerViewController.swift */ = {isa = PBXFileReference; lastKnownFileType = sourcecode.swift; path = registerViewController.swift; sourceTree = "<group>"; };
		C96247452139D5C000BC7C69 /* mainPageViewController.swift */ = {isa = PBXFileReference; lastKnownFileType = sourcecode.swift; path = mainPageViewController.swift; sourceTree = "<group>"; };
		C962474A213B895C00BC7C69 /* userResetPassViewController.swift */ = {isa = PBXFileReference; lastKnownFileType = sourcecode.swift; path = userResetPassViewController.swift; sourceTree = "<group>"; };
		C962474C213B9D1D00BC7C69 /* topSelectPageViewController.swift */ = {isa = PBXFileReference; lastKnownFileType = sourcecode.swift; path = topSelectPageViewController.swift; sourceTree = "<group>"; };
		C962474E213D36AA00BC7C69 /* memberEvaluationViewController.swift */ = {isa = PBXFileReference; lastKnownFileType = sourcecode.swift; path = memberEvaluationViewController.swift; sourceTree = "<group>"; };
		C9624750213D383A00BC7C69 /* chatPageViewController.swift */ = {isa = PBXFileReference; lastKnownFileType = sourcecode.swift; path = chatPageViewController.swift; sourceTree = "<group>"; };
		C963CD5D217640670081C9F5 /* testScrollViewController.swift */ = {isa = PBXFileReference; lastKnownFileType = sourcecode.swift; path = testScrollViewController.swift; sourceTree = "<group>"; };
		C963CD5F2177246D0081C9F5 /* testSectionViewController.swift */ = {isa = PBXFileReference; lastKnownFileType = sourcecode.swift; path = testSectionViewController.swift; sourceTree = "<group>"; };
		C9708B462143DDCD0013FD4C /* teamIdConfirmationViewController.swift */ = {isa = PBXFileReference; lastKnownFileType = sourcecode.swift; path = teamIdConfirmationViewController.swift; sourceTree = "<group>"; };
		C99C78E6217047B500B70293 /* commentTableViewCell.swift */ = {isa = PBXFileReference; lastKnownFileType = sourcecode.swift; path = commentTableViewCell.swift; sourceTree = "<group>"; };
		C99C78E7217047B500B70293 /* commentTableViewCell.xib */ = {isa = PBXFileReference; lastKnownFileType = file.xib; path = commentTableViewCell.xib; sourceTree = "<group>"; };
		C99C78EC2172B16100B70293 /* commentReplyViewController.swift */ = {isa = PBXFileReference; lastKnownFileType = sourcecode.swift; path = commentReplyViewController.swift; sourceTree = "<group>"; };
		C99DE78C2150E3D4002EBF89 /* myPageViewController.swift */ = {isa = PBXFileReference; lastKnownFileType = sourcecode.swift; path = myPageViewController.swift; sourceTree = "<group>"; };
		C9B9438821731E8D00A3B43A /* replyTableViewCell.swift */ = {isa = PBXFileReference; lastKnownFileType = sourcecode.swift; path = replyTableViewCell.swift; sourceTree = "<group>"; };
		C9B9438921731E8D00A3B43A /* replyTableViewCell.xib */ = {isa = PBXFileReference; lastKnownFileType = file.xib; path = replyTableViewCell.xib; sourceTree = "<group>"; };
		C9CA480B21632C0B00D9C142 /* userTableViewCell.swift */ = {isa = PBXFileReference; lastKnownFileType = sourcecode.swift; path = userTableViewCell.swift; sourceTree = "<group>"; };
		C9CA480C21632C0B00D9C142 /* userTableViewCell.xib */ = {isa = PBXFileReference; lastKnownFileType = file.xib; path = userTableViewCell.xib; sourceTree = "<group>"; };
		C9CA481921635F2200D9C142 /* addDiaryViewController.swift */ = {isa = PBXFileReference; lastKnownFileType = sourcecode.swift; path = addDiaryViewController.swift; sourceTree = "<group>"; };
		DC6E4A81ADE570696665400E /* Pods-clapUITests.debug.xcconfig */ = {isa = PBXFileReference; includeInIndex = 1; lastKnownFileType = text.xcconfig; name = "Pods-clapUITests.debug.xcconfig"; path = "Pods/Target Support Files/Pods-clapUITests/Pods-clapUITests.debug.xcconfig"; sourceTree = "<group>"; };
		DFCB4A2A527B40ADB768C150 /* Pods_clap.framework */ = {isa = PBXFileReference; explicitFileType = wrapper.framework; includeInIndex = 0; path = Pods_clap.framework; sourceTree = BUILT_PRODUCTS_DIR; };
/* End PBXFileReference section */

/* Begin PBXFrameworksBuildPhase section */
		BE3C84A3212BF7AB0053EFE2 /* Frameworks */ = {
			isa = PBXFrameworksBuildPhase;
			buildActionMask = 2147483647;
			files = (
				87410ECAF50C11D51448E1AD /* Pods_clap.framework in Frameworks */,
			);
			runOnlyForDeploymentPostprocessing = 0;
		};
		BE3C84B7212BF7AD0053EFE2 /* Frameworks */ = {
			isa = PBXFrameworksBuildPhase;
			buildActionMask = 2147483647;
			files = (
				0C761402252F1D495B83A6E2 /* Pods_clapTests.framework in Frameworks */,
			);
			runOnlyForDeploymentPostprocessing = 0;
		};
		BE3C84C2212BF7AD0053EFE2 /* Frameworks */ = {
			isa = PBXFrameworksBuildPhase;
			buildActionMask = 2147483647;
			files = (
				78E1C79064E17E1EDF597CC0 /* Pods_clapUITests.framework in Frameworks */,
			);
			runOnlyForDeploymentPostprocessing = 0;
		};
/* End PBXFrameworksBuildPhase section */

/* Begin PBXGroup section */
		103BDDA3EC10DE2C1B55F2C2 /* Pods */ = {
			isa = PBXGroup;
			children = (
				488B77CBA5887A4C0F21724C /* Pods-clap.debug.xcconfig */,
				6DD31260E88B3A066701C588 /* Pods-clap.release.xcconfig */,
				5F5DFD11CB932792EC656179 /* Pods-clapTests.debug.xcconfig */,
				150EC304AADB849A4BDD2707 /* Pods-clapTests.release.xcconfig */,
				DC6E4A81ADE570696665400E /* Pods-clapUITests.debug.xcconfig */,
				98B9F1F6B148D7B56B0484D9 /* Pods-clapUITests.release.xcconfig */,
			);
			name = Pods;
			sourceTree = "<group>";
		};
		BE3C849D212BF7AB0053EFE2 = {
			isa = PBXGroup;
			children = (
				BE3C84A8212BF7AB0053EFE2 /* clap */,
				BE3C84BD212BF7AD0053EFE2 /* clapTests */,
				BE3C84C8212BF7AD0053EFE2 /* clapUITests */,
				BE3C84A7212BF7AB0053EFE2 /* Products */,
				103BDDA3EC10DE2C1B55F2C2 /* Pods */,
				CF3E3021A3BD011F611A1F92 /* Frameworks */,
			);
			sourceTree = "<group>";
		};
		BE3C84A7212BF7AB0053EFE2 /* Products */ = {
			isa = PBXGroup;
			children = (
				BE3C84A6212BF7AB0053EFE2 /* clap.app */,
				BE3C84BA212BF7AD0053EFE2 /* clapTests.xctest */,
				BE3C84C5212BF7AD0053EFE2 /* clapUITests.xctest */,
			);
			name = Products;
			sourceTree = "<group>";
		};
		BE3C84A8212BF7AB0053EFE2 /* clap */ = {
			isa = PBXGroup;
			children = (
				C9CA480A21632BE700D9C142 /* xib */,
				BE3C84AD212BF7AB0053EFE2 /* Main.storyboard */,
				C963CD5F2177246D0081C9F5 /* testSectionViewController.swift */,
				C963CD5D217640670081C9F5 /* testScrollViewController.swift */,
				C9104A4D216934EC00FDED0E /* diaryFromTimelineViewController.swift */,
				C9104A4F2169352000FDED0E /* diarySubmitViewController.swift */,
				C9104A4B216934AE00FDED0E /* diaryEditViewController.swift */,
				BE019DC3216268970019A38E /* eventChoiceViewController.swift */,
				BE019DBB215F673E0019A38E /* planController.swift */,
				BE3C84A9212BF7AB0053EFE2 /* AppDelegate.swift */,
				C962474C213B9D1D00BC7C69 /* topSelectPageViewController.swift */,
				BE3C84AB212BF7AB0053EFE2 /* ViewController.swift */,
				BE3C84B0212BF7AD0053EFE2 /* Assets.xcassets */,
				BE3C84B2212BF7AD0053EFE2 /* LaunchScreen.storyboard */,
				BE226192215E108D006C777F /* timelineViewController.swift */,
				BE226193215E108D006C777F /* timelineViewController.xib */,
				C93D86592130808D00EDB3F2 /* registerViewController.swift */,
				C90648932133C6B80025AD44 /* userInfoRegisterViewController.swift */,
				C9064891213393340025AD44 /* teamInfoRegisterViewController.swift */,
				C923A4222130F23D0007D784 /* LoginViewController.swift */,
				C9162C9021367F3800370F34 /* managerUpdateViewController.swift */,
				C90648972133F1EA0025AD44 /* scheduleViewController.swift */,
				C90648952133E2B20025AD44 /* teamIdGenerateViewController.swift */,
				BE3C84B5212BF7AD0053EFE2 /* Info.plist */,
				C923A41D2130D7E70007D784 /* GoogleService-Info.plist */,
				C96247452139D5C000BC7C69 /* mainPageViewController.swift */,
				C962474A213B895C00BC7C69 /* userResetPassViewController.swift */,
				C962474E213D36AA00BC7C69 /* memberEvaluationViewController.swift */,
				BEF298A0213F092A00E75472 /* chatViewController.swift */,
				C9624750213D383A00BC7C69 /* chatPageViewController.swift */,
				C9708B462143DDCD0013FD4C /* teamIdConfirmationViewController.swift */,
				C99C78EC2172B16100B70293 /* commentReplyViewController.swift */,
				C9169696214CDE85002EECEF /* teamReplesentRegisterViewController.swift */,
				C9169698214D229A002EECEF /* teamIdConfirmAgainViewController.swift */,
				C916969A214D22F6002EECEF /* teamIdConfirmWrongViewController.swift */,
				C99DE78C2150E3D4002EBF89 /* myPageViewController.swift */,
				C9338E90215BE1C40008D2B5 /* profileEditViewController.swift */,
				C9CA481921635F2200D9C142 /* addDiaryViewController.swift */,
			);
			path = clap;
			sourceTree = "<group>";
		};
		BE3C84BD212BF7AD0053EFE2 /* clapTests */ = {
			isa = PBXGroup;
			children = (
				BE3C84BE212BF7AD0053EFE2 /* clapTests.swift */,
				BE3C84C0212BF7AD0053EFE2 /* Info.plist */,
			);
			path = clapTests;
			sourceTree = "<group>";
		};
		BE3C84C8212BF7AD0053EFE2 /* clapUITests */ = {
			isa = PBXGroup;
			children = (
				BE3C84C9212BF7AD0053EFE2 /* clapUITests.swift */,
				BE3C84CB212BF7AD0053EFE2 /* Info.plist */,
			);
			path = clapUITests;
			sourceTree = "<group>";
		};
		C9CA480A21632BE700D9C142 /* xib */ = {
			isa = PBXGroup;
			children = (
				C9CA480B21632C0B00D9C142 /* userTableViewCell.swift */,
				C9CA480C21632C0B00D9C142 /* userTableViewCell.xib */,
				C99C78E6217047B500B70293 /* commentTableViewCell.swift */,
				C99C78E7217047B500B70293 /* commentTableViewCell.xib */,
				C9B9438821731E8D00A3B43A /* replyTableViewCell.swift */,
				C9B9438921731E8D00A3B43A /* replyTableViewCell.xib */,
				BE22618E215DFCFD006C777F /* XibView.swift */,
				BE22618C215DFC26006C777F /* XibView.xib */,
			);
			path = xib;
			sourceTree = "<group>";
		};
		CF3E3021A3BD011F611A1F92 /* Frameworks */ = {
			isa = PBXGroup;
			children = (
				DFCB4A2A527B40ADB768C150 /* Pods_clap.framework */,
				851A3760A22D9BC473BAB1BB /* Pods_clapTests.framework */,
				C0366C950F8733F1171BF265 /* Pods_clapUITests.framework */,
			);
			name = Frameworks;
			sourceTree = "<group>";
		};
/* End PBXGroup section */

/* Begin PBXNativeTarget section */
		BE3C84A5212BF7AB0053EFE2 /* clap */ = {
			isa = PBXNativeTarget;
			buildConfigurationList = BE3C84CE212BF7AD0053EFE2 /* Build configuration list for PBXNativeTarget "clap" */;
			buildPhases = (
				74C4836779E1A5BDD32F0287 /* [CP] Check Pods Manifest.lock */,
				BE3C84A2212BF7AB0053EFE2 /* Sources */,
				BE3C84A3212BF7AB0053EFE2 /* Frameworks */,
				BE3C84A4212BF7AB0053EFE2 /* Resources */,
				A47661E87F23023DF20A41E3 /* [CP] Embed Pods Frameworks */,
			);
			buildRules = (
			);
			dependencies = (
			);
			name = clap;
			productName = clap;
			productReference = BE3C84A6212BF7AB0053EFE2 /* clap.app */;
			productType = "com.apple.product-type.application";
		};
		BE3C84B9212BF7AD0053EFE2 /* clapTests */ = {
			isa = PBXNativeTarget;
			buildConfigurationList = BE3C84D1212BF7AD0053EFE2 /* Build configuration list for PBXNativeTarget "clapTests" */;
			buildPhases = (
				AA6233A52B11CBFDF6CD9DFA /* [CP] Check Pods Manifest.lock */,
				BE3C84B6212BF7AD0053EFE2 /* Sources */,
				BE3C84B7212BF7AD0053EFE2 /* Frameworks */,
				BE3C84B8212BF7AD0053EFE2 /* Resources */,
			);
			buildRules = (
			);
			dependencies = (
				BE3C84BC212BF7AD0053EFE2 /* PBXTargetDependency */,
			);
			name = clapTests;
			productName = clapTests;
			productReference = BE3C84BA212BF7AD0053EFE2 /* clapTests.xctest */;
			productType = "com.apple.product-type.bundle.unit-test";
		};
		BE3C84C4212BF7AD0053EFE2 /* clapUITests */ = {
			isa = PBXNativeTarget;
			buildConfigurationList = BE3C84D4212BF7AD0053EFE2 /* Build configuration list for PBXNativeTarget "clapUITests" */;
			buildPhases = (
				5254CF227E0C2773EA11E1CA /* [CP] Check Pods Manifest.lock */,
				BE3C84C1212BF7AD0053EFE2 /* Sources */,
				BE3C84C2212BF7AD0053EFE2 /* Frameworks */,
				BE3C84C3212BF7AD0053EFE2 /* Resources */,
			);
			buildRules = (
			);
			dependencies = (
				BE3C84C7212BF7AD0053EFE2 /* PBXTargetDependency */,
			);
			name = clapUITests;
			productName = clapUITests;
			productReference = BE3C84C5212BF7AD0053EFE2 /* clapUITests.xctest */;
			productType = "com.apple.product-type.bundle.ui-testing";
		};
/* End PBXNativeTarget section */

/* Begin PBXProject section */
		BE3C849E212BF7AB0053EFE2 /* Project object */ = {
			isa = PBXProject;
			attributes = {
				LastSwiftUpdateCheck = 0940;
				LastUpgradeCheck = 0940;
				ORGANIZATIONNAME = Seiya;
				TargetAttributes = {
					BE3C84A5212BF7AB0053EFE2 = {
						CreatedOnToolsVersion = 9.4.1;
					};
					BE3C84B9212BF7AD0053EFE2 = {
						CreatedOnToolsVersion = 9.4.1;
						TestTargetID = BE3C84A5212BF7AB0053EFE2;
					};
					BE3C84C4212BF7AD0053EFE2 = {
						CreatedOnToolsVersion = 9.4.1;
						TestTargetID = BE3C84A5212BF7AB0053EFE2;
					};
				};
			};
			buildConfigurationList = BE3C84A1212BF7AB0053EFE2 /* Build configuration list for PBXProject "clap" */;
			compatibilityVersion = "Xcode 9.3";
			developmentRegion = en;
			hasScannedForEncodings = 0;
			knownRegions = (
				en,
				Base,
			);
			mainGroup = BE3C849D212BF7AB0053EFE2;
			productRefGroup = BE3C84A7212BF7AB0053EFE2 /* Products */;
			projectDirPath = "";
			projectRoot = "";
			targets = (
				BE3C84A5212BF7AB0053EFE2 /* clap */,
				BE3C84B9212BF7AD0053EFE2 /* clapTests */,
				BE3C84C4212BF7AD0053EFE2 /* clapUITests */,
			);
		};
/* End PBXProject section */

/* Begin PBXResourcesBuildPhase section */
		BE3C84A4212BF7AB0053EFE2 /* Resources */ = {
			isa = PBXResourcesBuildPhase;
			buildActionMask = 2147483647;
			files = (
				BE3C84B4212BF7AD0053EFE2 /* LaunchScreen.storyboard in Resources */,
				BE3C84B1212BF7AD0053EFE2 /* Assets.xcassets in Resources */,
				BE3C84AF212BF7AB0053EFE2 /* Main.storyboard in Resources */,
				C99C78E9217047B500B70293 /* commentTableViewCell.xib in Resources */,
				BE22618D215DFC27006C777F /* XibView.xib in Resources */,
				C9CA480E21632C0B00D9C142 /* userTableViewCell.xib in Resources */,
				C923A41E2130D7E80007D784 /* GoogleService-Info.plist in Resources */,
				C9B9438B21731E8D00A3B43A /* replyTableViewCell.xib in Resources */,
				BE226195215E108D006C777F /* timelineViewController.xib in Resources */,
			);
			runOnlyForDeploymentPostprocessing = 0;
		};
		BE3C84B8212BF7AD0053EFE2 /* Resources */ = {
			isa = PBXResourcesBuildPhase;
			buildActionMask = 2147483647;
			files = (
				C923A4202130D86A0007D784 /* GoogleService-Info.plist in Resources */,
			);
			runOnlyForDeploymentPostprocessing = 0;
		};
		BE3C84C3212BF7AD0053EFE2 /* Resources */ = {
			isa = PBXResourcesBuildPhase;
			buildActionMask = 2147483647;
			files = (
				C9344D282130CFFD004931F1 /* Info.plist in Resources */,
				C923A4212130D86A0007D784 /* GoogleService-Info.plist in Resources */,
			);
			runOnlyForDeploymentPostprocessing = 0;
		};
/* End PBXResourcesBuildPhase section */

/* Begin PBXShellScriptBuildPhase section */
		5254CF227E0C2773EA11E1CA /* [CP] Check Pods Manifest.lock */ = {
			isa = PBXShellScriptBuildPhase;
			buildActionMask = 2147483647;
			files = (
			);
			inputPaths = (
				"${PODS_PODFILE_DIR_PATH}/Podfile.lock",
				"${PODS_ROOT}/Manifest.lock",
			);
			name = "[CP] Check Pods Manifest.lock";
			outputPaths = (
				"$(DERIVED_FILE_DIR)/Pods-clapUITests-checkManifestLockResult.txt",
			);
			runOnlyForDeploymentPostprocessing = 0;
			shellPath = /bin/sh;
			shellScript = "diff \"${PODS_PODFILE_DIR_PATH}/Podfile.lock\" \"${PODS_ROOT}/Manifest.lock\" > /dev/null\nif [ $? != 0 ] ; then\n    # print error to STDERR\n    echo \"error: The sandbox is not in sync with the Podfile.lock. Run 'pod install' or update your CocoaPods installation.\" >&2\n    exit 1\nfi\n# This output is used by Xcode 'outputs' to avoid re-running this script phase.\necho \"SUCCESS\" > \"${SCRIPT_OUTPUT_FILE_0}\"\n";
			showEnvVarsInLog = 0;
		};
		74C4836779E1A5BDD32F0287 /* [CP] Check Pods Manifest.lock */ = {
			isa = PBXShellScriptBuildPhase;
			buildActionMask = 2147483647;
			files = (
			);
			inputPaths = (
				"${PODS_PODFILE_DIR_PATH}/Podfile.lock",
				"${PODS_ROOT}/Manifest.lock",
			);
			name = "[CP] Check Pods Manifest.lock";
			outputPaths = (
				"$(DERIVED_FILE_DIR)/Pods-clap-checkManifestLockResult.txt",
			);
			runOnlyForDeploymentPostprocessing = 0;
			shellPath = /bin/sh;
			shellScript = "diff \"${PODS_PODFILE_DIR_PATH}/Podfile.lock\" \"${PODS_ROOT}/Manifest.lock\" > /dev/null\nif [ $? != 0 ] ; then\n    # print error to STDERR\n    echo \"error: The sandbox is not in sync with the Podfile.lock. Run 'pod install' or update your CocoaPods installation.\" >&2\n    exit 1\nfi\n# This output is used by Xcode 'outputs' to avoid re-running this script phase.\necho \"SUCCESS\" > \"${SCRIPT_OUTPUT_FILE_0}\"\n";
			showEnvVarsInLog = 0;
		};
		A47661E87F23023DF20A41E3 /* [CP] Embed Pods Frameworks */ = {
			isa = PBXShellScriptBuildPhase;
			buildActionMask = 2147483647;
			files = (
			);
			inputPaths = (
				"${SRCROOT}/Pods/Target Support Files/Pods-clap/Pods-clap-frameworks.sh",
				"${BUILT_PRODUCTS_DIR}/BoringSSL/openssl.framework",
				"${BUILT_PRODUCTS_DIR}/CalculateCalendarLogic/CalculateCalendarLogic.framework",
				"${BUILT_PRODUCTS_DIR}/ChameleonFramework/ChameleonFramework.framework",
				"${BUILT_PRODUCTS_DIR}/FSCalendar/FSCalendar.framework",
				"${BUILT_PRODUCTS_DIR}/FlexiblePageControl/FlexiblePageControl.framework",
				"${BUILT_PRODUCTS_DIR}/GTMSessionFetcher/GTMSessionFetcher.framework",
				"${BUILT_PRODUCTS_DIR}/GoogleUtilities/GoogleUtilities.framework",
				"${BUILT_PRODUCTS_DIR}/Protobuf/Protobuf.framework",
				"${BUILT_PRODUCTS_DIR}/SDWebImage/SDWebImage.framework",
				"${BUILT_PRODUCTS_DIR}/SVProgressHUD/SVProgressHUD.framework",
				"${BUILT_PRODUCTS_DIR}/gRPC/GRPCClient.framework",
				"${BUILT_PRODUCTS_DIR}/gRPC-Core/grpc.framework",
				"${BUILT_PRODUCTS_DIR}/gRPC-ProtoRPC/ProtoRPC.framework",
				"${BUILT_PRODUCTS_DIR}/gRPC-RxLibrary/RxLibrary.framework",
				"${BUILT_PRODUCTS_DIR}/leveldb-library/leveldb.framework",
				"${BUILT_PRODUCTS_DIR}/nanopb/nanopb.framework",
			);
			name = "[CP] Embed Pods Frameworks";
			outputPaths = (
				"${TARGET_BUILD_DIR}/${FRAMEWORKS_FOLDER_PATH}/openssl.framework",
				"${TARGET_BUILD_DIR}/${FRAMEWORKS_FOLDER_PATH}/CalculateCalendarLogic.framework",
				"${TARGET_BUILD_DIR}/${FRAMEWORKS_FOLDER_PATH}/ChameleonFramework.framework",
				"${TARGET_BUILD_DIR}/${FRAMEWORKS_FOLDER_PATH}/FSCalendar.framework",
				"${TARGET_BUILD_DIR}/${FRAMEWORKS_FOLDER_PATH}/FlexiblePageControl.framework",
				"${TARGET_BUILD_DIR}/${FRAMEWORKS_FOLDER_PATH}/GTMSessionFetcher.framework",
				"${TARGET_BUILD_DIR}/${FRAMEWORKS_FOLDER_PATH}/GoogleUtilities.framework",
				"${TARGET_BUILD_DIR}/${FRAMEWORKS_FOLDER_PATH}/Protobuf.framework",
				"${TARGET_BUILD_DIR}/${FRAMEWORKS_FOLDER_PATH}/SDWebImage.framework",
				"${TARGET_BUILD_DIR}/${FRAMEWORKS_FOLDER_PATH}/SVProgressHUD.framework",
				"${TARGET_BUILD_DIR}/${FRAMEWORKS_FOLDER_PATH}/GRPCClient.framework",
				"${TARGET_BUILD_DIR}/${FRAMEWORKS_FOLDER_PATH}/grpc.framework",
				"${TARGET_BUILD_DIR}/${FRAMEWORKS_FOLDER_PATH}/ProtoRPC.framework",
				"${TARGET_BUILD_DIR}/${FRAMEWORKS_FOLDER_PATH}/RxLibrary.framework",
				"${TARGET_BUILD_DIR}/${FRAMEWORKS_FOLDER_PATH}/leveldb.framework",
				"${TARGET_BUILD_DIR}/${FRAMEWORKS_FOLDER_PATH}/nanopb.framework",
			);
			runOnlyForDeploymentPostprocessing = 0;
			shellPath = /bin/sh;
			shellScript = "\"${SRCROOT}/Pods/Target Support Files/Pods-clap/Pods-clap-frameworks.sh\"\n";
			showEnvVarsInLog = 0;
		};
		AA6233A52B11CBFDF6CD9DFA /* [CP] Check Pods Manifest.lock */ = {
			isa = PBXShellScriptBuildPhase;
			buildActionMask = 2147483647;
			files = (
			);
			inputPaths = (
				"${PODS_PODFILE_DIR_PATH}/Podfile.lock",
				"${PODS_ROOT}/Manifest.lock",
			);
			name = "[CP] Check Pods Manifest.lock";
			outputPaths = (
				"$(DERIVED_FILE_DIR)/Pods-clapTests-checkManifestLockResult.txt",
			);
			runOnlyForDeploymentPostprocessing = 0;
			shellPath = /bin/sh;
			shellScript = "diff \"${PODS_PODFILE_DIR_PATH}/Podfile.lock\" \"${PODS_ROOT}/Manifest.lock\" > /dev/null\nif [ $? != 0 ] ; then\n    # print error to STDERR\n    echo \"error: The sandbox is not in sync with the Podfile.lock. Run 'pod install' or update your CocoaPods installation.\" >&2\n    exit 1\nfi\n# This output is used by Xcode 'outputs' to avoid re-running this script phase.\necho \"SUCCESS\" > \"${SCRIPT_OUTPUT_FILE_0}\"\n";
			showEnvVarsInLog = 0;
		};
/* End PBXShellScriptBuildPhase section */

/* Begin PBXSourcesBuildPhase section */
		BE3C84A2212BF7AB0053EFE2 /* Sources */ = {
			isa = PBXSourcesBuildPhase;
			buildActionMask = 2147483647;
			files = (
				C9169699214D229B002EECEF /* teamIdConfirmAgainViewController.swift in Sources */,
				C9064892213393340025AD44 /* teamInfoRegisterViewController.swift in Sources */,
				C9104A502169352000FDED0E /* diarySubmitViewController.swift in Sources */,
				C99C78E8217047B500B70293 /* commentTableViewCell.swift in Sources */,
				C9104A4C216934AE00FDED0E /* diaryEditViewController.swift in Sources */,
				C90648982133F1EA0025AD44 /* scheduleViewController.swift in Sources */,
				C9169697214CDE85002EECEF /* teamReplesentRegisterViewController.swift in Sources */,
				C9338E91215BE1C40008D2B5 /* profileEditViewController.swift in Sources */,
				C9162C9121367F3800370F34 /* managerUpdateViewController.swift in Sources */,
				C923A4232130F23D0007D784 /* LoginViewController.swift in Sources */,
				C962474D213B9D1D00BC7C69 /* topSelectPageViewController.swift in Sources */,
				C9CA481A21635F2200D9C142 /* addDiaryViewController.swift in Sources */,
				C93D865A2130808D00EDB3F2 /* registerViewController.swift in Sources */,
				C90648962133E2B20025AD44 /* teamIdGenerateViewController.swift in Sources */,
				C96247462139D5C000BC7C69 /* mainPageViewController.swift in Sources */,
				C962474B213B895C00BC7C69 /* userResetPassViewController.swift in Sources */,
				C9B9438A21731E8D00A3B43A /* replyTableViewCell.swift in Sources */,
				C99DE78D2150E3D4002EBF89 /* myPageViewController.swift in Sources */,
				BE019DBC215F673E0019A38E /* planController.swift in Sources */,
				C99C78ED2172B16100B70293 /* commentReplyViewController.swift in Sources */,
				BEF298A1213F092A00E75472 /* chatViewController.swift in Sources */,
				BE226194215E108D006C777F /* timelineViewController.swift in Sources */,
				BE3C84AC212BF7AB0053EFE2 /* ViewController.swift in Sources */,
				BE019DC4216268970019A38E /* eventChoiceViewController.swift in Sources */,
				C9624751213D383A00BC7C69 /* chatPageViewController.swift in Sources */,
				C90648942133C6B80025AD44 /* userInfoRegisterViewController.swift in Sources */,
				C9104A4E216934EC00FDED0E /* diaryFromTimelineViewController.swift in Sources */,
				C9708B472143DDCD0013FD4C /* teamIdConfirmationViewController.swift in Sources */,
				BE22618F215DFCFD006C777F /* XibView.swift in Sources */,
				C9CA480D21632C0B00D9C142 /* userTableViewCell.swift in Sources */,
				C916969B214D22F6002EECEF /* teamIdConfirmWrongViewController.swift in Sources */,
				C963CD5E217640670081C9F5 /* testScrollViewController.swift in Sources */,
				C963CD602177246F0081C9F5 /* testSectionViewController.swift in Sources */,
				C962474F213D36AA00BC7C69 /* memberEvaluationViewController.swift in Sources */,
				BE3C84AA212BF7AB0053EFE2 /* AppDelegate.swift in Sources */,
			);
			runOnlyForDeploymentPostprocessing = 0;
		};
		BE3C84B6212BF7AD0053EFE2 /* Sources */ = {
			isa = PBXSourcesBuildPhase;
			buildActionMask = 2147483647;
			files = (
				BE3C84BF212BF7AD0053EFE2 /* clapTests.swift in Sources */,
			);
			runOnlyForDeploymentPostprocessing = 0;
		};
		BE3C84C1212BF7AD0053EFE2 /* Sources */ = {
			isa = PBXSourcesBuildPhase;
			buildActionMask = 2147483647;
			files = (
				BE3C84CA212BF7AD0053EFE2 /* clapUITests.swift in Sources */,
			);
			runOnlyForDeploymentPostprocessing = 0;
		};
/* End PBXSourcesBuildPhase section */

/* Begin PBXTargetDependency section */
		BE3C84BC212BF7AD0053EFE2 /* PBXTargetDependency */ = {
			isa = PBXTargetDependency;
			target = BE3C84A5212BF7AB0053EFE2 /* clap */;
			targetProxy = BE3C84BB212BF7AD0053EFE2 /* PBXContainerItemProxy */;
		};
		BE3C84C7212BF7AD0053EFE2 /* PBXTargetDependency */ = {
			isa = PBXTargetDependency;
			target = BE3C84A5212BF7AB0053EFE2 /* clap */;
			targetProxy = BE3C84C6212BF7AD0053EFE2 /* PBXContainerItemProxy */;
		};
/* End PBXTargetDependency section */

/* Begin PBXVariantGroup section */
		BE3C84AD212BF7AB0053EFE2 /* Main.storyboard */ = {
			isa = PBXVariantGroup;
			children = (
				BE3C84AE212BF7AB0053EFE2 /* Base */,
			);
			name = Main.storyboard;
			sourceTree = "<group>";
		};
		BE3C84B2212BF7AD0053EFE2 /* LaunchScreen.storyboard */ = {
			isa = PBXVariantGroup;
			children = (
				BE3C84B3212BF7AD0053EFE2 /* Base */,
			);
			name = LaunchScreen.storyboard;
			sourceTree = "<group>";
		};
/* End PBXVariantGroup section */

/* Begin XCBuildConfiguration section */
		BE3C84CC212BF7AD0053EFE2 /* Debug */ = {
			isa = XCBuildConfiguration;
			buildSettings = {
				ALWAYS_SEARCH_USER_PATHS = NO;
				CLANG_ANALYZER_NONNULL = YES;
				CLANG_ANALYZER_NUMBER_OBJECT_CONVERSION = YES_AGGRESSIVE;
				CLANG_CXX_LANGUAGE_STANDARD = "gnu++14";
				CLANG_CXX_LIBRARY = "libc++";
				CLANG_ENABLE_MODULES = YES;
				CLANG_ENABLE_OBJC_ARC = YES;
				CLANG_ENABLE_OBJC_WEAK = YES;
				CLANG_WARN_BLOCK_CAPTURE_AUTORELEASING = YES;
				CLANG_WARN_BOOL_CONVERSION = YES;
				CLANG_WARN_COMMA = YES;
				CLANG_WARN_CONSTANT_CONVERSION = YES;
				CLANG_WARN_DEPRECATED_OBJC_IMPLEMENTATIONS = YES;
				CLANG_WARN_DIRECT_OBJC_ISA_USAGE = YES_ERROR;
				CLANG_WARN_DOCUMENTATION_COMMENTS = YES;
				CLANG_WARN_EMPTY_BODY = YES;
				CLANG_WARN_ENUM_CONVERSION = YES;
				CLANG_WARN_INFINITE_RECURSION = YES;
				CLANG_WARN_INT_CONVERSION = YES;
				CLANG_WARN_NON_LITERAL_NULL_CONVERSION = YES;
				CLANG_WARN_OBJC_IMPLICIT_RETAIN_SELF = YES;
				CLANG_WARN_OBJC_LITERAL_CONVERSION = YES;
				CLANG_WARN_OBJC_ROOT_CLASS = YES_ERROR;
				CLANG_WARN_RANGE_LOOP_ANALYSIS = YES;
				CLANG_WARN_STRICT_PROTOTYPES = YES;
				CLANG_WARN_SUSPICIOUS_MOVE = YES;
				CLANG_WARN_UNGUARDED_AVAILABILITY = YES_AGGRESSIVE;
				CLANG_WARN_UNREACHABLE_CODE = YES;
				CLANG_WARN__DUPLICATE_METHOD_MATCH = YES;
				CODE_SIGN_IDENTITY = "iPhone Developer";
				COPY_PHASE_STRIP = NO;
				DEBUG_INFORMATION_FORMAT = dwarf;
				ENABLE_STRICT_OBJC_MSGSEND = YES;
				ENABLE_TESTABILITY = YES;
				GCC_C_LANGUAGE_STANDARD = gnu11;
				GCC_DYNAMIC_NO_PIC = NO;
				GCC_NO_COMMON_BLOCKS = YES;
				GCC_OPTIMIZATION_LEVEL = 0;
				GCC_PREPROCESSOR_DEFINITIONS = (
					"DEBUG=1",
					"$(inherited)",
				);
				GCC_WARN_64_TO_32_BIT_CONVERSION = YES;
				GCC_WARN_ABOUT_RETURN_TYPE = YES_ERROR;
				GCC_WARN_UNDECLARED_SELECTOR = YES;
				GCC_WARN_UNINITIALIZED_AUTOS = YES_AGGRESSIVE;
				GCC_WARN_UNUSED_FUNCTION = YES;
				GCC_WARN_UNUSED_VARIABLE = YES;
				IPHONEOS_DEPLOYMENT_TARGET = 11.4;
				MTL_ENABLE_DEBUG_INFO = YES;
				ONLY_ACTIVE_ARCH = YES;
				SDKROOT = iphoneos;
				SWIFT_ACTIVE_COMPILATION_CONDITIONS = DEBUG;
				SWIFT_OPTIMIZATION_LEVEL = "-Onone";
			};
			name = Debug;
		};
		BE3C84CD212BF7AD0053EFE2 /* Release */ = {
			isa = XCBuildConfiguration;
			buildSettings = {
				ALWAYS_SEARCH_USER_PATHS = NO;
				CLANG_ANALYZER_NONNULL = YES;
				CLANG_ANALYZER_NUMBER_OBJECT_CONVERSION = YES_AGGRESSIVE;
				CLANG_CXX_LANGUAGE_STANDARD = "gnu++14";
				CLANG_CXX_LIBRARY = "libc++";
				CLANG_ENABLE_MODULES = YES;
				CLANG_ENABLE_OBJC_ARC = YES;
				CLANG_ENABLE_OBJC_WEAK = YES;
				CLANG_WARN_BLOCK_CAPTURE_AUTORELEASING = YES;
				CLANG_WARN_BOOL_CONVERSION = YES;
				CLANG_WARN_COMMA = YES;
				CLANG_WARN_CONSTANT_CONVERSION = YES;
				CLANG_WARN_DEPRECATED_OBJC_IMPLEMENTATIONS = YES;
				CLANG_WARN_DIRECT_OBJC_ISA_USAGE = YES_ERROR;
				CLANG_WARN_DOCUMENTATION_COMMENTS = YES;
				CLANG_WARN_EMPTY_BODY = YES;
				CLANG_WARN_ENUM_CONVERSION = YES;
				CLANG_WARN_INFINITE_RECURSION = YES;
				CLANG_WARN_INT_CONVERSION = YES;
				CLANG_WARN_NON_LITERAL_NULL_CONVERSION = YES;
				CLANG_WARN_OBJC_IMPLICIT_RETAIN_SELF = YES;
				CLANG_WARN_OBJC_LITERAL_CONVERSION = YES;
				CLANG_WARN_OBJC_ROOT_CLASS = YES_ERROR;
				CLANG_WARN_RANGE_LOOP_ANALYSIS = YES;
				CLANG_WARN_STRICT_PROTOTYPES = YES;
				CLANG_WARN_SUSPICIOUS_MOVE = YES;
				CLANG_WARN_UNGUARDED_AVAILABILITY = YES_AGGRESSIVE;
				CLANG_WARN_UNREACHABLE_CODE = YES;
				CLANG_WARN__DUPLICATE_METHOD_MATCH = YES;
				CODE_SIGN_IDENTITY = "iPhone Developer";
				COPY_PHASE_STRIP = NO;
				DEBUG_INFORMATION_FORMAT = "dwarf-with-dsym";
				ENABLE_NS_ASSERTIONS = NO;
				ENABLE_STRICT_OBJC_MSGSEND = YES;
				GCC_C_LANGUAGE_STANDARD = gnu11;
				GCC_NO_COMMON_BLOCKS = YES;
				GCC_WARN_64_TO_32_BIT_CONVERSION = YES;
				GCC_WARN_ABOUT_RETURN_TYPE = YES_ERROR;
				GCC_WARN_UNDECLARED_SELECTOR = YES;
				GCC_WARN_UNINITIALIZED_AUTOS = YES_AGGRESSIVE;
				GCC_WARN_UNUSED_FUNCTION = YES;
				GCC_WARN_UNUSED_VARIABLE = YES;
				IPHONEOS_DEPLOYMENT_TARGET = 11.4;
				MTL_ENABLE_DEBUG_INFO = NO;
				SDKROOT = iphoneos;
				SWIFT_COMPILATION_MODE = wholemodule;
				SWIFT_OPTIMIZATION_LEVEL = "-O";
				VALIDATE_PRODUCT = YES;
			};
			name = Release;
		};
		BE3C84CF212BF7AD0053EFE2 /* Debug */ = {
			isa = XCBuildConfiguration;
			baseConfigurationReference = 488B77CBA5887A4C0F21724C /* Pods-clap.debug.xcconfig */;
			buildSettings = {
				ASSETCATALOG_COMPILER_APPICON_NAME = AppIcon;
				CODE_SIGN_STYLE = Automatic;
				DEVELOPMENT_TEAM = 44Z7696CT2;
				INFOPLIST_FILE = clap/Info.plist;
				LD_RUNPATH_SEARCH_PATHS = (
					"$(inherited)",
					"@executable_path/Frameworks",
				);
				PRODUCT_BUNDLE_IDENTIFIER = com.clapSwiftCompany.clap;
				PRODUCT_NAME = "$(TARGET_NAME)";
				SWIFT_VERSION = 4.0;
				TARGETED_DEVICE_FAMILY = "1,2";
			};
			name = Debug;
		};
		BE3C84D0212BF7AD0053EFE2 /* Release */ = {
			isa = XCBuildConfiguration;
			baseConfigurationReference = 6DD31260E88B3A066701C588 /* Pods-clap.release.xcconfig */;
			buildSettings = {
				ASSETCATALOG_COMPILER_APPICON_NAME = AppIcon;
				CODE_SIGN_STYLE = Automatic;
				DEVELOPMENT_TEAM = 44Z7696CT2;
				INFOPLIST_FILE = clap/Info.plist;
				LD_RUNPATH_SEARCH_PATHS = (
					"$(inherited)",
					"@executable_path/Frameworks",
				);
				PRODUCT_BUNDLE_IDENTIFIER = com.clapSwiftCompany.clap;
				PRODUCT_NAME = "$(TARGET_NAME)";
				SWIFT_VERSION = 4.0;
				TARGETED_DEVICE_FAMILY = "1,2";
			};
			name = Release;
		};
		BE3C84D2212BF7AD0053EFE2 /* Debug */ = {
			isa = XCBuildConfiguration;
			baseConfigurationReference = 5F5DFD11CB932792EC656179 /* Pods-clapTests.debug.xcconfig */;
			buildSettings = {
				ALWAYS_EMBED_SWIFT_STANDARD_LIBRARIES = YES;
				BUNDLE_LOADER = "$(TEST_HOST)";
				CODE_SIGN_STYLE = Automatic;
				DEVELOPMENT_TEAM = 44Z7696CT2;
				INFOPLIST_FILE = clapTests/Info.plist;
				LD_RUNPATH_SEARCH_PATHS = (
					"$(inherited)",
					"@executable_path/Frameworks",
					"@loader_path/Frameworks",
				);
				PRODUCT_BUNDLE_IDENTIFIER = com.company.clapTests;
				PRODUCT_NAME = "$(TARGET_NAME)";
				SWIFT_VERSION = 4.0;
				TARGETED_DEVICE_FAMILY = "1,2";
				TEST_HOST = "$(BUILT_PRODUCTS_DIR)/clap.app/clap";
			};
			name = Debug;
		};
		BE3C84D3212BF7AD0053EFE2 /* Release */ = {
			isa = XCBuildConfiguration;
			baseConfigurationReference = 150EC304AADB849A4BDD2707 /* Pods-clapTests.release.xcconfig */;
			buildSettings = {
				ALWAYS_EMBED_SWIFT_STANDARD_LIBRARIES = YES;
				BUNDLE_LOADER = "$(TEST_HOST)";
				CODE_SIGN_STYLE = Automatic;
				DEVELOPMENT_TEAM = 44Z7696CT2;
				INFOPLIST_FILE = clapTests/Info.plist;
				LD_RUNPATH_SEARCH_PATHS = (
					"$(inherited)",
					"@executable_path/Frameworks",
					"@loader_path/Frameworks",
				);
				PRODUCT_BUNDLE_IDENTIFIER = com.company.clapTests;
				PRODUCT_NAME = "$(TARGET_NAME)";
				SWIFT_VERSION = 4.0;
				TARGETED_DEVICE_FAMILY = "1,2";
				TEST_HOST = "$(BUILT_PRODUCTS_DIR)/clap.app/clap";
			};
			name = Release;
		};
		BE3C84D5212BF7AD0053EFE2 /* Debug */ = {
			isa = XCBuildConfiguration;
			baseConfigurationReference = DC6E4A81ADE570696665400E /* Pods-clapUITests.debug.xcconfig */;
			buildSettings = {
				ALWAYS_EMBED_SWIFT_STANDARD_LIBRARIES = YES;
				CODE_SIGN_STYLE = Automatic;
				DEVELOPMENT_TEAM = 44Z7696CT2;
				INFOPLIST_FILE = clapUITests/Info.plist;
				LD_RUNPATH_SEARCH_PATHS = (
					"$(inherited)",
					"@executable_path/Frameworks",
					"@loader_path/Frameworks",
				);
				PRODUCT_BUNDLE_IDENTIFIER = com.company.clapUITests;
				PRODUCT_NAME = "$(TARGET_NAME)";
				SWIFT_VERSION = 4.0;
				TARGETED_DEVICE_FAMILY = "1,2";
				TEST_TARGET_NAME = clap;
			};
			name = Debug;
		};
		BE3C84D6212BF7AD0053EFE2 /* Release */ = {
			isa = XCBuildConfiguration;
			baseConfigurationReference = 98B9F1F6B148D7B56B0484D9 /* Pods-clapUITests.release.xcconfig */;
			buildSettings = {
				ALWAYS_EMBED_SWIFT_STANDARD_LIBRARIES = YES;
				CODE_SIGN_STYLE = Automatic;
				DEVELOPMENT_TEAM = 44Z7696CT2;
				INFOPLIST_FILE = clapUITests/Info.plist;
				LD_RUNPATH_SEARCH_PATHS = (
					"$(inherited)",
					"@executable_path/Frameworks",
					"@loader_path/Frameworks",
				);
				PRODUCT_BUNDLE_IDENTIFIER = com.company.clapUITests;
				PRODUCT_NAME = "$(TARGET_NAME)";
				SWIFT_VERSION = 4.0;
				TARGETED_DEVICE_FAMILY = "1,2";
				TEST_TARGET_NAME = clap;
			};
			name = Release;
		};
/* End XCBuildConfiguration section */

/* Begin XCConfigurationList section */
		BE3C84A1212BF7AB0053EFE2 /* Build configuration list for PBXProject "clap" */ = {
			isa = XCConfigurationList;
			buildConfigurations = (
				BE3C84CC212BF7AD0053EFE2 /* Debug */,
				BE3C84CD212BF7AD0053EFE2 /* Release */,
			);
			defaultConfigurationIsVisible = 0;
			defaultConfigurationName = Release;
		};
		BE3C84CE212BF7AD0053EFE2 /* Build configuration list for PBXNativeTarget "clap" */ = {
			isa = XCConfigurationList;
			buildConfigurations = (
				BE3C84CF212BF7AD0053EFE2 /* Debug */,
				BE3C84D0212BF7AD0053EFE2 /* Release */,
			);
			defaultConfigurationIsVisible = 0;
			defaultConfigurationName = Release;
		};
		BE3C84D1212BF7AD0053EFE2 /* Build configuration list for PBXNativeTarget "clapTests" */ = {
			isa = XCConfigurationList;
			buildConfigurations = (
				BE3C84D2212BF7AD0053EFE2 /* Debug */,
				BE3C84D3212BF7AD0053EFE2 /* Release */,
			);
			defaultConfigurationIsVisible = 0;
			defaultConfigurationName = Release;
		};
		BE3C84D4212BF7AD0053EFE2 /* Build configuration list for PBXNativeTarget "clapUITests" */ = {
			isa = XCConfigurationList;
			buildConfigurations = (
				BE3C84D5212BF7AD0053EFE2 /* Debug */,
				BE3C84D6212BF7AD0053EFE2 /* Release */,
			);
			defaultConfigurationIsVisible = 0;
			defaultConfigurationName = Release;
		};
/* End XCConfigurationList section */
	};
	rootObject = BE3C849E212BF7AB0053EFE2 /* Project object */;
}
